
Microsoft Visual Studio Solution File, Format Version 12.00
# Visual Studio Version 17
VisualStudioVersion = 17.4.33213.308
MinimumVisualStudioVersion = 10.0.40219.1
Project("{FAE04EC0-301F-11D3-BF4B-00C04F79EFBC}") = "Renipe", "Renipe.csproj", "{F482BBFA-12C5-4ABC-B374-4CED8FE4139D}"
EndProject
Global
	GlobalSection(SolutionConfigurationPlatforms) = preSolution
		Debug|Any CPU = Debug|Any CPU
		Release|Any CPU = Release|Any CPU
	EndGlobalSection
	GlobalSection(ProjectConfigurationPlatforms) = postSolution
		{F482BBFA-12C5-4ABC-B374-4CED8FE4139D}.Debug|Any CPU.ActiveCfg = Debug|Any CPU
		{F482BBFA-12C5-4ABC-B374-4CED8FE4139D}.Debug|Any CPU.Build.0 = Debug|Any CPU
		{F482BBFA-12C5-4ABC-B374-4CED8FE4139D}.Release|Any CPU.ActiveCfg = Release|Any CPU
		{F482BBFA-12C5-4ABC-B374-4CED8FE4139D}.Release|Any CPU.Build.0 = Release|Any CPU
	EndGlobalSection
	GlobalSection(SolutionProperties) = preSolution
		HideSolutionNode = FALSE
	EndGlobalSection
	GlobalSection(ExtensibilityGlobals) = postSolution
		SolutionGuid = {1F5FF7D6-3382-4745-9A1D-153553931449}
	EndGlobalSection
EndGlobal
